
Microsoft Visual Studio Solution File, Format Version 12.00
# Visual Studio Version 17
VisualStudioVersion = 17.5.33424.131
MinimumVisualStudioVersion = 10.0.40219.1
Project("{FAE04EC0-301F-11D3-BF4B-00C04F79EFBC}") = "CS_0510", "CS_0510\CS_0510.csproj", "{BD2C589E-1149-4674-874A-7D54841F8F67}"
EndProject
Global
	GlobalSection(SolutionConfigurationPlatforms) = preSolution
		Debug|Any CPU = Debug|Any CPU
		Release|Any CPU = Release|Any CPU
	EndGlobalSection
	GlobalSection(ProjectConfigurationPlatforms) = postSolution
		{BD2C589E-1149-4674-874A-7D54841F8F67}.Debug|Any CPU.ActiveCfg = Debug|Any CPU
		{BD2C589E-1149-4674-874A-7D54841F8F67}.Debug|Any CPU.Build.0 = Debug|Any CPU
		{BD2C589E-1149-4674-874A-7D54841F8F67}.Release|Any CPU.ActiveCfg = Release|Any CPU
		{BD2C589E-1149-4674-874A-7D54841F8F67}.Release|Any CPU.Build.0 = Release|Any CPU
	EndGlobalSection
	GlobalSection(SolutionProperties) = preSolution
		HideSolutionNode = FALSE
	EndGlobalSection
	GlobalSection(ExtensibilityGlobals) = postSolution
		SolutionGuid = {5AFCFF5F-A40F-461A-B67F-EE71E376A04D}
	EndGlobalSection
EndGlobal
